
Microsoft Visual Studio Solution File, Format Version 12.00
# Visual Studio Version 16
VisualStudioVersion = 16.0.29613.14
MinimumVisualStudioVersion = 10.0.40219.1
Project("{FAE04EC0-301F-11D3-BF4B-00C04F79EFBC}") = "CustomMemoryCacheExample", "CustomMemoryCacheExample\CustomMemoryCacheExample.csproj", "{AB80F533-6F8E-421A-8962-71F17CFAD057}"
EndProject
Global
	GlobalSection(SolutionConfigurationPlatforms) = preSolution
		Debug|Any CPU = Debug|Any CPU
		Release|Any CPU = Release|Any CPU
	EndGlobalSection
	GlobalSection(ProjectConfigurationPlatforms) = postSolution
		{AB80F533-6F8E-421A-8962-71F17CFAD057}.Debug|Any CPU.ActiveCfg = Debug|Any CPU
		{AB80F533-6F8E-421A-8962-71F17CFAD057}.Debug|Any CPU.Build.0 = Debug|Any CPU
		{AB80F533-6F8E-421A-8962-71F17CFAD057}.Release|Any CPU.ActiveCfg = Release|Any CPU
		{AB80F533-6F8E-421A-8962-71F17CFAD057}.Release|Any CPU.Build.0 = Release|Any CPU
	EndGlobalSection
	GlobalSection(SolutionProperties) = preSolution
		HideSolutionNode = FALSE
	EndGlobalSection
	GlobalSection(ExtensibilityGlobals) = postSolution
		SolutionGuid = {5C6CBB93-1A11-4324-B5C4-6AFF7045AA72}
	EndGlobalSection
EndGlobal
